// !$*UTF8*$!
{
	archiveVersion = 1;
	classes = {
	};
	objectVersion = 46;
	objects = {

/* Begin PBXBuildFile section */
		9456C866155B314700A1A8EC /* Foundation.framework in Frameworks */ = {isa = PBXBuildFile; fileRef = 9456C865155B314700A1A8EC /* Foundation.framework */; };
		9456C868155B314700A1A8EC /* UIKit.framework in Frameworks */ = {isa = PBXBuildFile; fileRef = 9456C867155B314700A1A8EC /* UIKit.framework */; };
		9456C86A155B314700A1A8EC /* CoreGraphics.framework in Frameworks */ = {isa = PBXBuildFile; fileRef = 9456C869155B314700A1A8EC /* CoreGraphics.framework */; };
		9456C86C155B314700A1A8EC /* AddressBook.framework in Frameworks */ = {isa = PBXBuildFile; fileRef = 9456C86B155B314700A1A8EC /* AddressBook.framework */; };
		9456C86E155B314700A1A8EC /* AddressBookUI.framework in Frameworks */ = {isa = PBXBuildFile; fileRef = 9456C86D155B314700A1A8EC /* AddressBookUI.framework */; };
		9456C870155B314700A1A8EC /* AudioToolbox.framework in Frameworks */ = {isa = PBXBuildFile; fileRef = 9456C86F155B314700A1A8EC /* AudioToolbox.framework */; };
		9456C872155B314700A1A8EC /* AVFoundation.framework in Frameworks */ = {isa = PBXBuildFile; fileRef = 9456C871155B314700A1A8EC /* AVFoundation.framework */; };
		9456C874155B314700A1A8EC /* CoreLocation.framework in Frameworks */ = {isa = PBXBuildFile; fileRef = 9456C873155B314700A1A8EC /* CoreLocation.framework */; };
		9456C876155B314700A1A8EC /* MediaPlayer.framework in Frameworks */ = {isa = PBXBuildFile; fileRef = 9456C875155B314700A1A8EC /* MediaPlayer.framework */; };
		9456C878155B314700A1A8EC /* QuartzCore.framework in Frameworks */ = {isa = PBXBuildFile; fileRef = 9456C877155B314700A1A8EC /* QuartzCore.framework */; };
		9456C87A155B314700A1A8EC /* SystemConfiguration.framework in Frameworks */ = {isa = PBXBuildFile; fileRef = 9456C879155B314700A1A8EC /* SystemConfiguration.framework */; };
		9456C87C155B314700A1A8EC /* MobileCoreServices.framework in Frameworks */ = {isa = PBXBuildFile; fileRef = 9456C87B155B314700A1A8EC /* MobileCoreServices.framework */; };
		9456C87E155B314700A1A8EC /* CoreMedia.framework in Frameworks */ = {isa = PBXBuildFile; fileRef = 9456C87D155B314700A1A8EC /* CoreMedia.framework */; };
		9456C884155B314700A1A8EC /* InfoPlist.strings in Resources */ = {isa = PBXBuildFile; fileRef = 9456C882155B314700A1A8EC /* InfoPlist.strings */; };
		9456C886155B314700A1A8EC /* main.m in Sources */ = {isa = PBXBuildFile; fileRef = 9456C885155B314700A1A8EC /* main.m */; };
		9456C889155B314700A1A8EC /* Cordova.framework in Frameworks */ = {isa = PBXBuildFile; fileRef = 9456C888155B314700A1A8EC /* Cordova.framework */; };
		9456C88E155B314700A1A8EC /* Localizable.strings in Resources */ = {isa = PBXBuildFile; fileRef = 9456C88C155B314700A1A8EC /* Localizable.strings */; };
		9456C892155B314700A1A8EC /* Localizable.strings in Resources */ = {isa = PBXBuildFile; fileRef = 9456C890155B314700A1A8EC /* Localizable.strings */; };
		9456C896155B314700A1A8EC /* Localizable.strings in Resources */ = {isa = PBXBuildFile; fileRef = 9456C894155B314700A1A8EC /* Localizable.strings */; };
		9456C89A155B314700A1A8EC /* Localizable.strings in Resources */ = {isa = PBXBuildFile; fileRef = 9456C898155B314700A1A8EC /* Localizable.strings */; };
		9456C89D155B314700A1A8EC /* icon.png in Resources */ = {isa = PBXBuildFile; fileRef = 9456C89C155B314700A1A8EC /* icon.png */; };
		9456C89F155B314700A1A8EC /* icon@2x.png in Resources */ = {isa = PBXBuildFile; fileRef = 9456C89E155B314700A1A8EC /* icon@2x.png */; };
		9456C8A1155B314700A1A8EC /* icon-72.png in Resources */ = {isa = PBXBuildFile; fileRef = 9456C8A0155B314700A1A8EC /* icon-72.png */; };
		9456C8A4155B314700A1A8EC /* Default~iphone.png in Resources */ = {isa = PBXBuildFile; fileRef = 9456C8A3155B314700A1A8EC /* Default~iphone.png */; };
		9456C8A6155B314700A1A8EC /* Default@2x~iphone.png in Resources */ = {isa = PBXBuildFile; fileRef = 9456C8A5155B314700A1A8EC /* Default@2x~iphone.png */; };
		9456C8A8155B314700A1A8EC /* Capture.bundle in Resources */ = {isa = PBXBuildFile; fileRef = 9456C8A7155B314700A1A8EC /* Capture.bundle */; };
		9456C8AA155B314700A1A8EC /* Cordova.plist in Resources */ = {isa = PBXBuildFile; fileRef = 9456C8A9155B314700A1A8EC /* Cordova.plist */; };
		9456C8AE155B314700A1A8EC /* AppDelegate.m in Sources */ = {isa = PBXBuildFile; fileRef = 9456C8AD155B314700A1A8EC /* AppDelegate.m */; };
		9456C8B1155B314700A1A8EC /* MainViewController.m in Sources */ = {isa = PBXBuildFile; fileRef = 9456C8B0155B314700A1A8EC /* MainViewController.m */; };
		9456C8B3155B314700A1A8EC /* MainViewController.xib in Resources */ = {isa = PBXBuildFile; fileRef = 9456C8B2155B314700A1A8EC /* MainViewController.xib */; };
		9456C8B7155B314700A1A8EC /* verify.sh in Resources */ = {isa = PBXBuildFile; fileRef = 9456C8B6155B314700A1A8EC /* verify.sh */; };
/* End PBXBuildFile section */

/* Begin PBXFileReference section */
		9456C861155B314700A1A8EC /* ResturantTrackerP2.app */ = {isa = PBXFileReference; explicitFileType = wrapper.application; includeInIndex = 0; path = ResturantTrackerP2.app; sourceTree = BUILT_PRODUCTS_DIR; };
		9456C865155B314700A1A8EC /* Foundation.framework */ = {isa = PBXFileReference; lastKnownFileType = wrapper.framework; name = Foundation.framework; path = System/Library/Frameworks/Foundation.framework; sourceTree = SDKROOT; };
		9456C867155B314700A1A8EC /* UIKit.framework */ = {isa = PBXFileReference; lastKnownFileType = wrapper.framework; name = UIKit.framework; path = System/Library/Frameworks/UIKit.framework; sourceTree = SDKROOT; };
		9456C869155B314700A1A8EC /* CoreGraphics.framework */ = {isa = PBXFileReference; lastKnownFileType = wrapper.framework; name = CoreGraphics.framework; path = System/Library/Frameworks/CoreGraphics.framework; sourceTree = SDKROOT; };
		9456C86B155B314700A1A8EC /* AddressBook.framework */ = {isa = PBXFileReference; lastKnownFileType = wrapper.framework; name = AddressBook.framework; path = System/Library/Frameworks/AddressBook.framework; sourceTree = SDKROOT; };
		9456C86D155B314700A1A8EC /* AddressBookUI.framework */ = {isa = PBXFileReference; lastKnownFileType = wrapper.framework; name = AddressBookUI.framework; path = System/Library/Frameworks/AddressBookUI.framework; sourceTree = SDKROOT; };
		9456C86F155B314700A1A8EC /* AudioToolbox.framework */ = {isa = PBXFileReference; lastKnownFileType = wrapper.framework; name = AudioToolbox.framework; path = System/Library/Frameworks/AudioToolbox.framework; sourceTree = SDKROOT; };
		9456C871155B314700A1A8EC /* AVFoundation.framework */ = {isa = PBXFileReference; lastKnownFileType = wrapper.framework; name = AVFoundation.framework; path = System/Library/Frameworks/AVFoundation.framework; sourceTree = SDKROOT; };
		9456C873155B314700A1A8EC /* CoreLocation.framework */ = {isa = PBXFileReference; lastKnownFileType = wrapper.framework; name = CoreLocation.framework; path = System/Library/Frameworks/CoreLocation.framework; sourceTree = SDKROOT; };
		9456C875155B314700A1A8EC /* MediaPlayer.framework */ = {isa = PBXFileReference; lastKnownFileType = wrapper.framework; name = MediaPlayer.framework; path = System/Library/Frameworks/MediaPlayer.framework; sourceTree = SDKROOT; };
		9456C877155B314700A1A8EC /* QuartzCore.framework */ = {isa = PBXFileReference; lastKnownFileType = wrapper.framework; name = QuartzCore.framework; path = System/Library/Frameworks/QuartzCore.framework; sourceTree = SDKROOT; };
		9456C879155B314700A1A8EC /* SystemConfiguration.framework */ = {isa = PBXFileReference; lastKnownFileType = wrapper.framework; name = SystemConfiguration.framework; path = System/Library/Frameworks/SystemConfiguration.framework; sourceTree = SDKROOT; };
		9456C87B155B314700A1A8EC /* MobileCoreServices.framework */ = {isa = PBXFileReference; lastKnownFileType = wrapper.framework; name = MobileCoreServices.framework; path = System/Library/Frameworks/MobileCoreServices.framework; sourceTree = SDKROOT; };
		9456C87D155B314700A1A8EC /* CoreMedia.framework */ = {isa = PBXFileReference; lastKnownFileType = wrapper.framework; name = CoreMedia.framework; path = System/Library/Frameworks/CoreMedia.framework; sourceTree = SDKROOT; };
		9456C881155B314700A1A8EC /* ResturantTrackerP2-Info.plist */ = {isa = PBXFileReference; path = "ResturantTrackerP2-Info.plist"; sourceTree = "<group>"; };
		9456C883155B314700A1A8EC /* en */ = {isa = PBXFileReference; lastKnownFileType = text.plist.strings; name = en; path = en.lproj/InfoPlist.strings; sourceTree = "<group>"; };
		9456C885155B314700A1A8EC /* main.m */ = {isa = PBXFileReference; lastKnownFileType = sourcecode.c.objc; path = main.m; sourceTree = "<group>"; };
		9456C887155B314700A1A8EC /* ResturantTrackerP2-Prefix.pch */ = {isa = PBXFileReference; path = "ResturantTrackerP2-Prefix.pch"; sourceTree = "<group>"; };
		9456C888155B314700A1A8EC /* Cordova.framework */ = {isa = PBXFileReference; lastKnownFileType = wrapper.framework; name = Cordova.framework; path = /Users/Shared/Cordova/Frameworks/Cordova.framework; sourceTree = "<absolute>"; };
		9456C88D155B314700A1A8EC /* en */ = {isa = PBXFileReference; lastKnownFileType = text.plist.strings; name = en; path = Resources/en.lproj/Localizable.strings; sourceTree = "<group>"; };
		9456C891155B314700A1A8EC /* es */ = {isa = PBXFileReference; lastKnownFileType = text.plist.strings; name = es; path = Resources/es.lproj/Localizable.strings; sourceTree = "<group>"; };
		9456C895155B314700A1A8EC /* de */ = {isa = PBXFileReference; lastKnownFileType = text.plist.strings; name = de; path = Resources/de.lproj/Localizable.strings; sourceTree = "<group>"; };
		9456C899155B314700A1A8EC /* se */ = {isa = PBXFileReference; lastKnownFileType = text.plist.strings; name = se; path = Resources/se.lproj/Localizable.strings; sourceTree = "<group>"; };
		9456C89C155B314700A1A8EC /* icon.png */ = {isa = PBXFileReference; lastKnownFileType = image.png; name = icon.png; path = Resources/icons/icon.png; sourceTree = "<group>"; };
		9456C89E155B314700A1A8EC /* icon@2x.png */ = {isa = PBXFileReference; lastKnownFileType = image.png; name = "icon@2x.png"; path = "Resources/icons/icon@2x.png"; sourceTree = "<group>"; };
		9456C8A0155B314700A1A8EC /* icon-72.png */ = {isa = PBXFileReference; lastKnownFileType = image.png; name = "icon-72.png"; path = "Resources/icons/icon-72.png"; sourceTree = "<group>"; };
		9456C8A3155B314700A1A8EC /* Default~iphone.png */ = {isa = PBXFileReference; lastKnownFileType = image.png; name = "Default~iphone.png"; path = "Resources/splash/Default~iphone.png"; sourceTree = "<group>"; };
		9456C8A5155B314700A1A8EC /* Default@2x~iphone.png */ = {isa = PBXFileReference; lastKnownFileType = image.png; name = "Default@2x~iphone.png"; path = "Resources/splash/Default@2x~iphone.png"; sourceTree = "<group>"; };
		9456C8A7155B314700A1A8EC /* Capture.bundle */ = {isa = PBXFileReference; lastKnownFileType = "wrapper.plug-in"; name = Capture.bundle; path = Resources/Capture.bundle; sourceTree = "<group>"; };
		9456C8A9155B314700A1A8EC /* Cordova.plist */ = {isa = PBXFileReference; lastKnownFileType = text.plist.xml; path = Cordova.plist; sourceTree = "<group>"; };
		9456C8AC155B314700A1A8EC /* AppDelegate.h */ = {isa = PBXFileReference; name = AppDelegate.h; path = Classes/AppDelegate.h; sourceTree = "<group>"; };
		9456C8AD155B314700A1A8EC /* AppDelegate.m */ = {isa = PBXFileReference; lastKnownFileType = sourcecode.c.objc; name = AppDelegate.m; path = Classes/AppDelegate.m; sourceTree = "<group>"; };
		9456C8AF155B314700A1A8EC /* MainViewController.h */ = {isa = PBXFileReference; name = MainViewController.h; path = Classes/MainViewController.h; sourceTree = "<group>"; };
		9456C8B0155B314700A1A8EC /* MainViewController.m */ = {isa = PBXFileReference; lastKnownFileType = sourcecode.c.objc; name = MainViewController.m; path = Classes/MainViewController.m; sourceTree = "<group>"; };
		9456C8B2155B314700A1A8EC /* MainViewController.xib */ = {isa = PBXFileReference; lastKnownFileType = file.xib; name = MainViewController.xib; path = Classes/MainViewController.xib; sourceTree = "<group>"; };
		9456C8B5155B314700A1A8EC /* README */ = {isa = PBXFileReference; name = README; path = Plugins/README; sourceTree = "<group>"; };
		9456C8B6155B314700A1A8EC /* verify.sh */ = {isa = PBXFileReference; lastKnownFileType = text.script.sh; path = verify.sh; sourceTree = "<group>"; };
/* End PBXFileReference section */

/* Begin PBXFrameworksBuildPhase section */
		9456C85B155B314700A1A8EC /* Frameworks */ = {
			isa = PBXFrameworksBuildPhase;
			buildActionMask = 2147483647;
			files = (
				9456C866155B314700A1A8EC /* Foundation.framework in Frameworks */,
				9456C868155B314700A1A8EC /* UIKit.framework in Frameworks */,
				9456C86A155B314700A1A8EC /* CoreGraphics.framework in Frameworks */,
				9456C86C155B314700A1A8EC /* AddressBook.framework in Frameworks */,
				9456C86E155B314700A1A8EC /* AddressBookUI.framework in Frameworks */,
				9456C870155B314700A1A8EC /* AudioToolbox.framework in Frameworks */,
				9456C872155B314700A1A8EC /* AVFoundation.framework in Frameworks */,
				9456C874155B314700A1A8EC /* CoreLocation.framework in Frameworks */,
				9456C876155B314700A1A8EC /* MediaPlayer.framework in Frameworks */,
				9456C878155B314700A1A8EC /* QuartzCore.framework in Frameworks */,
				9456C87A155B314700A1A8EC /* SystemConfiguration.framework in Frameworks */,
				9456C87C155B314700A1A8EC /* MobileCoreServices.framework in Frameworks */,
				9456C87E155B314700A1A8EC /* CoreMedia.framework in Frameworks */,
				9456C889155B314700A1A8EC /* Cordova.framework in Frameworks */,
			);
			runOnlyForDeploymentPostprocessing = 0;
		};
		9456C85E155B314700A1A8EC /* Frameworks */ = {
			isa = PBXFrameworksBuildPhase;
			buildActionMask = 2147483647;
			files = (
			);
			runOnlyForDeploymentPostprocessing = 0;
		};
/* End PBXFrameworksBuildPhase section */

/* Begin PBXGroup section */
		9456C853155B314600A1A8EC = {
			isa = PBXGroup;
			children = (
				9456C87F155B314700A1A8EC /* ResturantTrackerP2 */,
				9456C864155B314700A1A8EC /* Frameworks */,
				9456C862155B314700A1A8EC /* Products */,
			);
			sourceTree = "<group>";
		};
		9456C862155B314700A1A8EC /* Products */ = {
			isa = PBXGroup;
			children = (
				9456C861155B314700A1A8EC /* ResturantTrackerP2.app */,
			);
			name = Products;
			sourceTree = "<group>";
		};
		9456C864155B314700A1A8EC /* Frameworks */ = {
			isa = PBXGroup;
			children = (
				9456C865155B314700A1A8EC /* Foundation.framework */,
				9456C867155B314700A1A8EC /* UIKit.framework */,
				9456C869155B314700A1A8EC /* CoreGraphics.framework */,
				9456C86B155B314700A1A8EC /* AddressBook.framework */,
				9456C86D155B314700A1A8EC /* AddressBookUI.framework */,
				9456C86F155B314700A1A8EC /* AudioToolbox.framework */,
				9456C871155B314700A1A8EC /* AVFoundation.framework */,
				9456C873155B314700A1A8EC /* CoreLocation.framework */,
				9456C875155B314700A1A8EC /* MediaPlayer.framework */,
				9456C877155B314700A1A8EC /* QuartzCore.framework */,
				9456C879155B314700A1A8EC /* SystemConfiguration.framework */,
				9456C87B155B314700A1A8EC /* MobileCoreServices.framework */,
				9456C87D155B314700A1A8EC /* CoreMedia.framework */,
			);
			name = Frameworks;
			sourceTree = "<group>";
		};
		9456C87F155B314700A1A8EC /* ResturantTrackerP2 */ = {
			isa = PBXGroup;
			children = (
				9456C888155B314700A1A8EC /* Cordova.framework */,
				9456C88A155B314700A1A8EC /* Resources */,
				9456C8AB155B314700A1A8EC /* Classes */,
				9456C8B4155B314700A1A8EC /* Plugins */,
				9456C880155B314700A1A8EC /* Supporting Files */,
			);
			path = ResturantTrackerP2;
			sourceTree = "<group>";
		};
		9456C880155B314700A1A8EC /* Supporting Files */ = {
			isa = PBXGroup;
			children = (
				9456C881155B314700A1A8EC /* ResturantTrackerP2-Info.plist */,
				9456C882155B314700A1A8EC /* InfoPlist.strings */,
				9456C885155B314700A1A8EC /* main.m */,
				9456C887155B314700A1A8EC /* ResturantTrackerP2-Prefix.pch */,
				9456C8A9155B314700A1A8EC /* Cordova.plist */,
				9456C8B2155B314700A1A8EC /* MainViewController.xib */,
				9456C8B6155B314700A1A8EC /* verify.sh */,
			);
			name = "Supporting Files";
			sourceTree = "<group>";
		};
		9456C88A155B314700A1A8EC /* Resources */ = {
			isa = PBXGroup;
			children = (
				9456C8A7155B314700A1A8EC /* Capture.bundle */,
				9456C88B155B314700A1A8EC /* en.lproj */,
				9456C88F155B314700A1A8EC /* es.lproj */,
				9456C893155B314700A1A8EC /* de.lproj */,
				9456C897155B314700A1A8EC /* se.lproj */,
				9456C89B155B314700A1A8EC /* icons */,
				9456C8A2155B314700A1A8EC /* splash */,
			);
			name = Resources;
			sourceTree = "<group>";
		};
		9456C88B155B314700A1A8EC /* en.lproj */ = {
			isa = PBXGroup;
			children = (
				9456C88C155B314700A1A8EC /* Localizable.strings */,
			);
			name = en.lproj;
			sourceTree = "<group>";
		};
		9456C88F155B314700A1A8EC /* es.lproj */ = {
			isa = PBXGroup;
			children = (
				9456C890155B314700A1A8EC /* Localizable.strings */,
			);
			name = es.lproj;
			sourceTree = "<group>";
		};
		9456C893155B314700A1A8EC /* de.lproj */ = {
			isa = PBXGroup;
			children = (
				9456C894155B314700A1A8EC /* Localizable.strings */,
			);
			name = de.lproj;
			sourceTree = "<group>";
		};
		9456C897155B314700A1A8EC /* se.lproj */ = {
			isa = PBXGroup;
			children = (
				9456C898155B314700A1A8EC /* Localizable.strings */,
			);
			name = se.lproj;
			sourceTree = "<group>";
		};
		9456C89B155B314700A1A8EC /* icons */ = {
			isa = PBXGroup;
			children = (
				9456C89C155B314700A1A8EC /* icon.png */,
				9456C89E155B314700A1A8EC /* icon@2x.png */,
				9456C8A0155B314700A1A8EC /* icon-72.png */,
			);
			name = icons;
			sourceTree = "<group>";
		};
		9456C8A2155B314700A1A8EC /* splash */ = {
			isa = PBXGroup;
			children = (
				9456C8A3155B314700A1A8EC /* Default~iphone.png */,
				9456C8A5155B314700A1A8EC /* Default@2x~iphone.png */,
			);
			name = splash;
			sourceTree = "<group>";
		};
		9456C8AB155B314700A1A8EC /* Classes */ = {
			isa = PBXGroup;
			children = (
				9456C8AC155B314700A1A8EC /* AppDelegate.h */,
				9456C8AD155B314700A1A8EC /* AppDelegate.m */,
				9456C8AF155B314700A1A8EC /* MainViewController.h */,
				9456C8B0155B314700A1A8EC /* MainViewController.m */,
			);
			name = Classes;
			sourceTree = "<group>";
		};
		9456C8B4155B314700A1A8EC /* Plugins */ = {
			isa = PBXGroup;
			children = (
				9456C8B5155B314700A1A8EC /* README */,
			);
			name = Plugins;
			sourceTree = "<group>";
		};
/* End PBXGroup section */

/* Begin PBXNativeTarget section */
		9456C860155B314700A1A8EC /* ResturantTrackerP2 */ = {
			isa = PBXNativeTarget;
			buildConfigurationList = 9456C8BA155B314700A1A8EC /* Build configuration list for PBXNativeTarget "ResturantTrackerP2" */;
			buildPhases = (
				9456C85A155B314700A1A8EC /* Sources */,
				9456C85B155B314700A1A8EC /* Frameworks */,
				9456C85C155B314700A1A8EC /* Resources */,
				9456C85D155B314700A1A8EC /* Sources */,
				9456C85E155B314700A1A8EC /* Frameworks */,
				9456C85F155B314700A1A8EC /* ShellScript */,
			);
			buildRules = (
			);
			dependencies = (
			);
			name = ResturantTrackerP2;
			productName = ResturantTrackerP2;
			productReference = 9456C861155B314700A1A8EC /* ResturantTrackerP2.app */;
			productType = "com.apple.product-type.application";
		};
/* End PBXNativeTarget section */

/* Begin PBXProject section */
		9456C855155B314600A1A8EC /* Project object */ = {
			isa = PBXProject;
			attributes = {
				LastUpgradeCheck = 0430;
				ORGANIZATIONNAME = "Full Sail University";
			};
			buildConfigurationList = 9456C858155B314600A1A8EC /* Build configuration list for PBXProject "ResturantTrackerP2" */;
			compatibilityVersion = "Xcode 3.2";
			developmentRegion = English;
			hasScannedForEncodings = 0;
			knownRegions = (
				en,
				es,
				de,
				se,
			);
			mainGroup = 9456C853155B314600A1A8EC;
			productRefGroup = 9456C862155B314700A1A8EC /* Products */;
			projectDirPath = "";
			projectRoot = "";
			targets = (
				9456C860155B314700A1A8EC /* ResturantTrackerP2 */,
			);
		};
/* End PBXProject section */

/* Begin PBXResourcesBuildPhase section */
		9456C85C155B314700A1A8EC /* Resources */ = {
			isa = PBXResourcesBuildPhase;
			buildActionMask = 2147483647;
			files = (
				9456C884155B314700A1A8EC /* InfoPlist.strings in Resources */,
				9456C88E155B314700A1A8EC /* Localizable.strings in Resources */,
				9456C892155B314700A1A8EC /* Localizable.strings in Resources */,
				9456C896155B314700A1A8EC /* Localizable.strings in Resources */,
				9456C89A155B314700A1A8EC /* Localizable.strings in Resources */,
				9456C89D155B314700A1A8EC /* icon.png in Resources */,
				9456C89F155B314700A1A8EC /* icon@2x.png in Resources */,
				9456C8A1155B314700A1A8EC /* icon-72.png in Resources */,
				9456C8A4155B314700A1A8EC /* Default~iphone.png in Resources */,
				9456C8A6155B314700A1A8EC /* Default@2x~iphone.png in Resources */,
				9456C8A8155B314700A1A8EC /* Capture.bundle in Resources */,
				9456C8AA155B314700A1A8EC /* Cordova.plist in Resources */,
				9456C8B3155B314700A1A8EC /* MainViewController.xib in Resources */,
				9456C8B7155B314700A1A8EC /* verify.sh in Resources */,
			);
			runOnlyForDeploymentPostprocessing = 0;
		};
/* End PBXResourcesBuildPhase section */

/* Begin PBXShellScriptBuildPhase section */
		9456C85F155B314700A1A8EC /* ShellScript */ = {
			isa = PBXShellScriptBuildPhase;
			buildActionMask = 2147483647;
			files = (
			);
			inputPaths = (
			);
			outputPaths = (
			);
			runOnlyForDeploymentPostprocessing = 0;
			shellPath = /bin/bash;
			shellScript = "\n\t\t\t\t\t\t\t\tchmod 755 \"$PROJECT_DIR/$PROJECT_NAME/verify.sh\"\n\t\t\t\t\t\t\t\t\"$PROJECT_DIR/$PROJECT_NAME/verify.sh\"\n\t\t\t\t\t";
		};
/* End PBXShellScriptBuildPhase section */

/* Begin PBXSourcesBuildPhase section */
		9456C85A155B314700A1A8EC /* Sources */ = {
			isa = PBXSourcesBuildPhase;
			buildActionMask = 2147483647;
			files = (
				9456C886155B314700A1A8EC /* main.m in Sources */,
				9456C8AE155B314700A1A8EC /* AppDelegate.m in Sources */,
				9456C8B1155B314700A1A8EC /* MainViewController.m in Sources */,
			);
			runOnlyForDeploymentPostprocessing = 0;
		};
		9456C85D155B314700A1A8EC /* Sources */ = {
			isa = PBXSourcesBuildPhase;
			buildActionMask = 2147483647;
			files = (
			);
			runOnlyForDeploymentPostprocessing = 0;
		};
/* End PBXSourcesBuildPhase section */

/* Begin PBXVariantGroup section */
		9456C882155B314700A1A8EC /* InfoPlist.strings */ = {
			isa = PBXVariantGroup;
			children = (
				9456C883155B314700A1A8EC /* en */,
			);
			name = InfoPlist.strings;
			sourceTree = "<group>";
		};
		9456C88C155B314700A1A8EC /* Localizable.strings */ = {
			isa = PBXVariantGroup;
			children = (
				9456C88D155B314700A1A8EC /* en */,
			);
			name = Localizable.strings;
			sourceTree = "<group>";
		};
		9456C890155B314700A1A8EC /* Localizable.strings */ = {
			isa = PBXVariantGroup;
			children = (
				9456C891155B314700A1A8EC /* es */,
			);
			name = Localizable.strings;
			sourceTree = "<group>";
		};
		9456C894155B314700A1A8EC /* Localizable.strings */ = {
			isa = PBXVariantGroup;
			children = (
				9456C895155B314700A1A8EC /* de */,
			);
			name = Localizable.strings;
			sourceTree = "<group>";
		};
		9456C898155B314700A1A8EC /* Localizable.strings */ = {
			isa = PBXVariantGroup;
			children = (
				9456C899155B314700A1A8EC /* se */,
			);
			name = Localizable.strings;
			sourceTree = "<group>";
		};
/* End PBXVariantGroup section */

/* Begin XCBuildConfiguration section */
		9456C8B8155B314700A1A8EC /* Debug */ = {
			isa = XCBuildConfiguration;
			buildSettings = {
				ALWAYS_SEARCH_USER_PATHS = NO;
				ARCHS = (
					armv6,
					"$(ARCHS_STANDARD_32_BIT)",
				);
				"CODE_SIGN_IDENTITY[sdk=iphoneos*]" = "iPhone Developer";
				COPY_PHASE_STRIP = NO;
				GCC_C_LANGUAGE_STANDARD = gnu99;
				GCC_DYNAMIC_NO_PIC = NO;
				GCC_OPTIMIZATION_LEVEL = 0;
				GCC_PREPROCESSOR_DEFINITIONS = (
					"DEBUG=1",
					"$(inherited)",
				);
				GCC_SYMBOLS_PRIVATE_EXTERN = NO;
				GCC_VERSION = com.apple.compilers.llvm.clang.1_0;
				GCC_WARN_ABOUT_RETURN_TYPE = YES;
				GCC_WARN_UNINITIALIZED_AUTOS = YES;
				GCC_WARN_UNUSED_VARIABLE = YES;
				IPHONEOS_DEPLOYMENT_TARGET = 3.0;
				SDKROOT = iphoneos;
			};
			name = Debug;
		};
		9456C8B9155B314700A1A8EC /* Release */ = {
			isa = XCBuildConfiguration;
			buildSettings = {
				ALWAYS_SEARCH_USER_PATHS = NO;
				ARCHS = (
					armv6,
					"$(ARCHS_STANDARD_32_BIT)",
				);
				"CODE_SIGN_IDENTITY[sdk=iphoneos*]" = "iPhone Developer";
				COPY_PHASE_STRIP = YES;
				GCC_C_LANGUAGE_STANDARD = gnu99;
				GCC_VERSION = com.apple.compilers.llvm.clang.1_0;
				GCC_WARN_ABOUT_RETURN_TYPE = YES;
				GCC_WARN_UNINITIALIZED_AUTOS = YES;
				GCC_WARN_UNUSED_VARIABLE = YES;
				IPHONEOS_DEPLOYMENT_TARGET = 3.0;
				SDKROOT = iphoneos;
				VALIDATE_PRODUCT = YES;
			};
			name = Release;
		};
		9456C8BB155B314700A1A8EC /* Debug */ = {
			isa = XCBuildConfiguration;
			buildSettings = {
				ALWAYS_SEARCH_USER_PATHS = YES;
				COPY_PHASE_STRIP = NO;
				FRAMEWORK_SEARCH_PATHS = /Users/Shared/Cordova/Frameworks;
				GCC_DYNAMIC_NO_PIC = NO;
				GCC_PRECOMPILE_PREFIX_HEADER = YES;
				GCC_PREFIX_HEADER = "ResturantTrackerP2/ResturantTrackerP2-Prefix.pch";
				GCC_PREPROCESSOR_DEFINITIONS = (
					"DEBUG=1,",
					"CORDOVA_FRAMEWORK=1",
				);
				INFOPLIST_FILE = "ResturantTrackerP2/ResturantTrackerP2-Info.plist";
				OTHER_LDFLAGS = (
					"-weak_framework",
					UIKit,
					"-weak_framework",
					AVFoundation,
					"-weak_framework",
					CoreMedia,
					"-weak_library",
					/usr/lib/libSystem.B.dylib,
				);
				PRODUCT_NAME = "$(TARGET_NAME)";
				TARGETED_DEVICE_FAMILY = "1,2";
				WRAPPER_EXTENSION = app;
			};
			name = Debug;
		};
		9456C8BC155B314700A1A8EC /* Release */ = {
			isa = XCBuildConfiguration;
			buildSettings = {
				ALWAYS_SEARCH_USER_PATHS = YES;
				COPY_PHASE_STRIP = YES;
				DEBUG_INFORMATION_FORMAT = "dwarf-with-dsym";
				FRAMEWORK_SEARCH_PATHS = /Users/Shared/Cordova/Frameworks;
				GCC_PRECOMPILE_PREFIX_HEADER = YES;
				GCC_PREFIX_HEADER = "ResturantTrackerP2/ResturantTrackerP2-Prefix.pch";
				GCC_PREPROCESSOR_DEFINITIONS = (
					"NDEBUG=1,",
					"CORDOVA_FRAMEWORK=1",
				);
				INFOPLIST_FILE = "ResturantTrackerP2/ResturantTrackerP2-Info.plist";
				OTHER_LDFLAGS = (
					"-weak_framework",
					UIKit,
					"-weak_framework",
					AVFoundation,
					"-weak_framework",
					CoreMedia,
					"-weak_library",
					/usr/lib/libSystem.B.dylib,
				);
				PRODUCT_NAME = "$(TARGET_NAME)";
				TARGETED_DEVICE_FAMILY = "1,2";
				VALIDATE_PRODUCT = YES;
				WRAPPER_EXTENSION = app;
			};
			name = Release;
		};
/* End XCBuildConfiguration section */

/* Begin XCConfigurationList section */
		9456C858155B314600A1A8EC /* Build configuration list for PBXProject "ResturantTrackerP2" */ = {
			isa = XCConfigurationList;
			buildConfigurations = (
				9456C8B8155B314700A1A8EC /* Debug */,
				9456C8B9155B314700A1A8EC /* Release */,
			);
			defaultConfigurationIsVisible = 0;
			defaultConfigurationName = Release;
		};
		9456C8BA155B314700A1A8EC /* Build configuration list for PBXNativeTarget "ResturantTrackerP2" */ = {
			isa = XCConfigurationList;
			buildConfigurations = (
				9456C8BB155B314700A1A8EC /* Debug */,
				9456C8BC155B314700A1A8EC /* Release */,
			);
			defaultConfigurationIsVisible = 0;
		};
/* End XCConfigurationList section */
	};
	rootObject = 9456C855155B314600A1A8EC /* Project object */;
}
